
Microsoft Visual Studio Solution File, Format Version 12.00
# Visual Studio 15
VisualStudioVersion = 15.0.26124.0
MinimumVisualStudioVersion = 15.0.26124.0
Project("{2150E333-8FDC-42A3-9474-1A3956D46DE8}") = "src", "src", "{EF644129-8F4A-4482-83AC-4DC8A1772DF3}"
EndProject
Project("{FAE04EC0-301F-11D3-BF4B-00C04F79EFBC}") = "Api", "src\Api\Api.csproj", "{928C0AC3-8C07-4D94-B965-60A4EDFCE2A4}"
EndProject
Project("{FAE04EC0-301F-11D3-BF4B-00C04F79EFBC}") = "Client", "src\Client\Client.csproj", "{8D44B140-2ADA-46E0-88DF-26454A8DFBA2}"
EndProject
Project("{FAE04EC0-301F-11D3-BF4B-00C04F79EFBC}") = "IdentityServer", "src\IdentityServer\IdentityServer.csproj", "{CF7886C3-DBA2-4F19-A460-E99F3D132A15}"
EndProject
Project("{FAE04EC0-301F-11D3-BF4B-00C04F79EFBC}") = "MvcClient", "src\MvcClient\MvcClient.csproj", "{34BD6D42-3D71-409F-BD67-A8588B66EFC8}"
EndProject
Global
	GlobalSection(SolutionConfigurationPlatforms) = preSolution
		Debug|Any CPU = Debug|Any CPU
		Debug|x64 = Debug|x64
		Debug|x86 = Debug|x86
		Release|Any CPU = Release|Any CPU
		Release|x64 = Release|x64
		Release|x86 = Release|x86
	EndGlobalSection
	GlobalSection(SolutionProperties) = preSolution
		HideSolutionNode = FALSE
	EndGlobalSection
	GlobalSection(ProjectConfigurationPlatforms) = postSolution
		{928C0AC3-8C07-4D94-B965-60A4EDFCE2A4}.Debug|Any CPU.ActiveCfg = Debug|Any CPU
		{928C0AC3-8C07-4D94-B965-60A4EDFCE2A4}.Debug|Any CPU.Build.0 = Debug|Any CPU
		{928C0AC3-8C07-4D94-B965-60A4EDFCE2A4}.Debug|x64.ActiveCfg = Debug|Any CPU
		{928C0AC3-8C07-4D94-B965-60A4EDFCE2A4}.Debug|x64.Build.0 = Debug|Any CPU
		{928C0AC3-8C07-4D94-B965-60A4EDFCE2A4}.Debug|x86.ActiveCfg = Debug|Any CPU
		{928C0AC3-8C07-4D94-B965-60A4EDFCE2A4}.Debug|x86.Build.0 = Debug|Any CPU
		{928C0AC3-8C07-4D94-B965-60A4EDFCE2A4}.Release|Any CPU.ActiveCfg = Release|Any CPU
		{928C0AC3-8C07-4D94-B965-60A4EDFCE2A4}.Release|Any CPU.Build.0 = Release|Any CPU
		{928C0AC3-8C07-4D94-B965-60A4EDFCE2A4}.Release|x64.ActiveCfg = Release|Any CPU
		{928C0AC3-8C07-4D94-B965-60A4EDFCE2A4}.Release|x64.Build.0 = Release|Any CPU
		{928C0AC3-8C07-4D94-B965-60A4EDFCE2A4}.Release|x86.ActiveCfg = Release|Any CPU
		{928C0AC3-8C07-4D94-B965-60A4EDFCE2A4}.Release|x86.Build.0 = Release|Any CPU
		{8D44B140-2ADA-46E0-88DF-26454A8DFBA2}.Debug|Any CPU.ActiveCfg = Debug|Any CPU
		{8D44B140-2ADA-46E0-88DF-26454A8DFBA2}.Debug|Any CPU.Build.0 = Debug|Any CPU
		{8D44B140-2ADA-46E0-88DF-26454A8DFBA2}.Debug|x64.ActiveCfg = Debug|Any CPU
		{8D44B140-2ADA-46E0-88DF-26454A8DFBA2}.Debug|x64.Build.0 = Debug|Any CPU
		{8D44B140-2ADA-46E0-88DF-26454A8DFBA2}.Debug|x86.ActiveCfg = Debug|Any CPU
		{8D44B140-2ADA-46E0-88DF-26454A8DFBA2}.Debug|x86.Build.0 = Debug|Any CPU
		{8D44B140-2ADA-46E0-88DF-26454A8DFBA2}.Release|Any CPU.ActiveCfg = Release|Any CPU
		{8D44B140-2ADA-46E0-88DF-26454A8DFBA2}.Release|Any CPU.Build.0 = Release|Any CPU
		{8D44B140-2ADA-46E0-88DF-26454A8DFBA2}.Release|x64.ActiveCfg = Release|Any CPU
		{8D44B140-2ADA-46E0-88DF-26454A8DFBA2}.Release|x64.Build.0 = Release|Any CPU
		{8D44B140-2ADA-46E0-88DF-26454A8DFBA2}.Release|x86.ActiveCfg = Release|Any CPU
		{8D44B140-2ADA-46E0-88DF-26454A8DFBA2}.Release|x86.Build.0 = Release|Any CPU
		{CF7886C3-DBA2-4F19-A460-E99F3D132A15}.Debug|Any CPU.ActiveCfg = Debug|Any CPU
		{CF7886C3-DBA2-4F19-A460-E99F3D132A15}.Debug|Any CPU.Build.0 = Debug|Any CPU
		{CF7886C3-DBA2-4F19-A460-E99F3D132A15}.Debug|x64.ActiveCfg = Debug|Any CPU
		{CF7886C3-DBA2-4F19-A460-E99F3D132A15}.Debug|x64.Build.0 = Debug|Any CPU
		{CF7886C3-DBA2-4F19-A460-E99F3D132A15}.Debug|x86.ActiveCfg = Debug|Any CPU
		{CF7886C3-DBA2-4F19-A460-E99F3D132A15}.Debug|x86.Build.0 = Debug|Any CPU
		{CF7886C3-DBA2-4F19-A460-E99F3D132A15}.Release|Any CPU.ActiveCfg = Release|Any CPU
		{CF7886C3-DBA2-4F19-A460-E99F3D132A15}.Release|Any CPU.Build.0 = Release|Any CPU
		{CF7886C3-DBA2-4F19-A460-E99F3D132A15}.Release|x64.ActiveCfg = Release|Any CPU
		{CF7886C3-DBA2-4F19-A460-E99F3D132A15}.Release|x64.Build.0 = Release|Any CPU
		{CF7886C3-DBA2-4F19-A460-E99F3D132A15}.Release|x86.ActiveCfg = Release|Any CPU
		{CF7886C3-DBA2-4F19-A460-E99F3D132A15}.Release|x86.Build.0 = Release|Any CPU
		{34BD6D42-3D71-409F-BD67-A8588B66EFC8}.Debug|Any CPU.ActiveCfg = Debug|Any CPU
		{34BD6D42-3D71-409F-BD67-A8588B66EFC8}.Debug|Any CPU.Build.0 = Debug|Any CPU
		{34BD6D42-3D71-409F-BD67-A8588B66EFC8}.Debug|x64.ActiveCfg = Debug|Any CPU
		{34BD6D42-3D71-409F-BD67-A8588B66EFC8}.Debug|x64.Build.0 = Debug|Any CPU
		{34BD6D42-3D71-409F-BD67-A8588B66EFC8}.Debug|x86.ActiveCfg = Debug|Any CPU
		{34BD6D42-3D71-409F-BD67-A8588B66EFC8}.Debug|x86.Build.0 = Debug|Any CPU
		{34BD6D42-3D71-409F-BD67-A8588B66EFC8}.Release|Any CPU.ActiveCfg = Release|Any CPU
		{34BD6D42-3D71-409F-BD67-A8588B66EFC8}.Release|Any CPU.Build.0 = Release|Any CPU
		{34BD6D42-3D71-409F-BD67-A8588B66EFC8}.Release|x64.ActiveCfg = Release|Any CPU
		{34BD6D42-3D71-409F-BD67-A8588B66EFC8}.Release|x64.Build.0 = Release|Any CPU
		{34BD6D42-3D71-409F-BD67-A8588B66EFC8}.Release|x86.ActiveCfg = Release|Any CPU
		{34BD6D42-3D71-409F-BD67-A8588B66EFC8}.Release|x86.Build.0 = Release|Any CPU
	EndGlobalSection
	GlobalSection(NestedProjects) = preSolution
		{928C0AC3-8C07-4D94-B965-60A4EDFCE2A4} = {EF644129-8F4A-4482-83AC-4DC8A1772DF3}
		{8D44B140-2ADA-46E0-88DF-26454A8DFBA2} = {EF644129-8F4A-4482-83AC-4DC8A1772DF3}
		{CF7886C3-DBA2-4F19-A460-E99F3D132A15} = {EF644129-8F4A-4482-83AC-4DC8A1772DF3}
		{34BD6D42-3D71-409F-BD67-A8588B66EFC8} = {EF644129-8F4A-4482-83AC-4DC8A1772DF3}
	EndGlobalSection
EndGlobal
