
Microsoft Visual Studio Solution File, Format Version 12.00
# Visual Studio 15
VisualStudioVersion = 15.0.26124.0
MinimumVisualStudioVersion = 15.0.26124.0
Project("{2150E333-8FDC-42A3-9474-1A3956D46DE8}") = "src", "src", "{7BD8ABD6-A2D0-44D3-AF47-5B5CEAC69911}"
EndProject
Project("{FAE04EC0-301F-11D3-BF4B-00C04F79EFBC}") = "IdentityServerAspNetIdentity", "src\IdentityServerAspNetIdentity\IdentityServerAspNetIdentity.csproj", "{8636D6EE-A147-4C95-8ABA-58EC2DC67845}"
EndProject
Project("{FAE04EC0-301F-11D3-BF4B-00C04F79EFBC}") = "Api", "src\Api\Api.csproj", "{D8BB7709-8F3D-4A8F-824B-64B36D5B1AC8}"
EndProject
Project("{FAE04EC0-301F-11D3-BF4B-00C04F79EFBC}") = "Client", "src\Client\Client.csproj", "{1E8BFD28-7662-4DDB-B656-04FFFFD363BE}"
EndProject
Project("{FAE04EC0-301F-11D3-BF4B-00C04F79EFBC}") = "JavaScriptClient", "src\JavaScriptClient\JavaScriptClient.csproj", "{9344694F-7C56-4D7A-B245-D7D70AF74F49}"
EndProject
Project("{FAE04EC0-301F-11D3-BF4B-00C04F79EFBC}") = "MvcClient", "src\MvcClient\MvcClient.csproj", "{9F7C2EB0-95FA-4A75-97FE-535F8A01D109}"
EndProject
Global
	GlobalSection(SolutionConfigurationPlatforms) = preSolution
		Debug|Any CPU = Debug|Any CPU
		Debug|x64 = Debug|x64
		Debug|x86 = Debug|x86
		Release|Any CPU = Release|Any CPU
		Release|x64 = Release|x64
		Release|x86 = Release|x86
	EndGlobalSection
	GlobalSection(SolutionProperties) = preSolution
		HideSolutionNode = FALSE
	EndGlobalSection
	GlobalSection(ProjectConfigurationPlatforms) = postSolution
		{8636D6EE-A147-4C95-8ABA-58EC2DC67845}.Debug|Any CPU.ActiveCfg = Debug|Any CPU
		{8636D6EE-A147-4C95-8ABA-58EC2DC67845}.Debug|Any CPU.Build.0 = Debug|Any CPU
		{8636D6EE-A147-4C95-8ABA-58EC2DC67845}.Debug|x64.ActiveCfg = Debug|Any CPU
		{8636D6EE-A147-4C95-8ABA-58EC2DC67845}.Debug|x64.Build.0 = Debug|Any CPU
		{8636D6EE-A147-4C95-8ABA-58EC2DC67845}.Debug|x86.ActiveCfg = Debug|Any CPU
		{8636D6EE-A147-4C95-8ABA-58EC2DC67845}.Debug|x86.Build.0 = Debug|Any CPU
		{8636D6EE-A147-4C95-8ABA-58EC2DC67845}.Release|Any CPU.ActiveCfg = Release|Any CPU
		{8636D6EE-A147-4C95-8ABA-58EC2DC67845}.Release|Any CPU.Build.0 = Release|Any CPU
		{8636D6EE-A147-4C95-8ABA-58EC2DC67845}.Release|x64.ActiveCfg = Release|Any CPU
		{8636D6EE-A147-4C95-8ABA-58EC2DC67845}.Release|x64.Build.0 = Release|Any CPU
		{8636D6EE-A147-4C95-8ABA-58EC2DC67845}.Release|x86.ActiveCfg = Release|Any CPU
		{8636D6EE-A147-4C95-8ABA-58EC2DC67845}.Release|x86.Build.0 = Release|Any CPU
		{D8BB7709-8F3D-4A8F-824B-64B36D5B1AC8}.Debug|Any CPU.ActiveCfg = Debug|Any CPU
		{D8BB7709-8F3D-4A8F-824B-64B36D5B1AC8}.Debug|Any CPU.Build.0 = Debug|Any CPU
		{D8BB7709-8F3D-4A8F-824B-64B36D5B1AC8}.Debug|x64.ActiveCfg = Debug|Any CPU
		{D8BB7709-8F3D-4A8F-824B-64B36D5B1AC8}.Debug|x64.Build.0 = Debug|Any CPU
		{D8BB7709-8F3D-4A8F-824B-64B36D5B1AC8}.Debug|x86.ActiveCfg = Debug|Any CPU
		{D8BB7709-8F3D-4A8F-824B-64B36D5B1AC8}.Debug|x86.Build.0 = Debug|Any CPU
		{D8BB7709-8F3D-4A8F-824B-64B36D5B1AC8}.Release|Any CPU.ActiveCfg = Release|Any CPU
		{D8BB7709-8F3D-4A8F-824B-64B36D5B1AC8}.Release|Any CPU.Build.0 = Release|Any CPU
		{D8BB7709-8F3D-4A8F-824B-64B36D5B1AC8}.Release|x64.ActiveCfg = Release|Any CPU
		{D8BB7709-8F3D-4A8F-824B-64B36D5B1AC8}.Release|x64.Build.0 = Release|Any CPU
		{D8BB7709-8F3D-4A8F-824B-64B36D5B1AC8}.Release|x86.ActiveCfg = Release|Any CPU
		{D8BB7709-8F3D-4A8F-824B-64B36D5B1AC8}.Release|x86.Build.0 = Release|Any CPU
		{1E8BFD28-7662-4DDB-B656-04FFFFD363BE}.Debug|Any CPU.ActiveCfg = Debug|Any CPU
		{1E8BFD28-7662-4DDB-B656-04FFFFD363BE}.Debug|Any CPU.Build.0 = Debug|Any CPU
		{1E8BFD28-7662-4DDB-B656-04FFFFD363BE}.Debug|x64.ActiveCfg = Debug|Any CPU
		{1E8BFD28-7662-4DDB-B656-04FFFFD363BE}.Debug|x64.Build.0 = Debug|Any CPU
		{1E8BFD28-7662-4DDB-B656-04FFFFD363BE}.Debug|x86.ActiveCfg = Debug|Any CPU
		{1E8BFD28-7662-4DDB-B656-04FFFFD363BE}.Debug|x86.Build.0 = Debug|Any CPU
		{1E8BFD28-7662-4DDB-B656-04FFFFD363BE}.Release|Any CPU.ActiveCfg = Release|Any CPU
		{1E8BFD28-7662-4DDB-B656-04FFFFD363BE}.Release|Any CPU.Build.0 = Release|Any CPU
		{1E8BFD28-7662-4DDB-B656-04FFFFD363BE}.Release|x64.ActiveCfg = Release|Any CPU
		{1E8BFD28-7662-4DDB-B656-04FFFFD363BE}.Release|x64.Build.0 = Release|Any CPU
		{1E8BFD28-7662-4DDB-B656-04FFFFD363BE}.Release|x86.ActiveCfg = Release|Any CPU
		{1E8BFD28-7662-4DDB-B656-04FFFFD363BE}.Release|x86.Build.0 = Release|Any CPU
		{9344694F-7C56-4D7A-B245-D7D70AF74F49}.Debug|Any CPU.ActiveCfg = Debug|Any CPU
		{9344694F-7C56-4D7A-B245-D7D70AF74F49}.Debug|Any CPU.Build.0 = Debug|Any CPU
		{9344694F-7C56-4D7A-B245-D7D70AF74F49}.Debug|x64.ActiveCfg = Debug|Any CPU
		{9344694F-7C56-4D7A-B245-D7D70AF74F49}.Debug|x64.Build.0 = Debug|Any CPU
		{9344694F-7C56-4D7A-B245-D7D70AF74F49}.Debug|x86.ActiveCfg = Debug|Any CPU
		{9344694F-7C56-4D7A-B245-D7D70AF74F49}.Debug|x86.Build.0 = Debug|Any CPU
		{9344694F-7C56-4D7A-B245-D7D70AF74F49}.Release|Any CPU.ActiveCfg = Release|Any CPU
		{9344694F-7C56-4D7A-B245-D7D70AF74F49}.Release|Any CPU.Build.0 = Release|Any CPU
		{9344694F-7C56-4D7A-B245-D7D70AF74F49}.Release|x64.ActiveCfg = Release|Any CPU
		{9344694F-7C56-4D7A-B245-D7D70AF74F49}.Release|x64.Build.0 = Release|Any CPU
		{9344694F-7C56-4D7A-B245-D7D70AF74F49}.Release|x86.ActiveCfg = Release|Any CPU
		{9344694F-7C56-4D7A-B245-D7D70AF74F49}.Release|x86.Build.0 = Release|Any CPU
		{9F7C2EB0-95FA-4A75-97FE-535F8A01D109}.Debug|Any CPU.ActiveCfg = Debug|Any CPU
		{9F7C2EB0-95FA-4A75-97FE-535F8A01D109}.Debug|Any CPU.Build.0 = Debug|Any CPU
		{9F7C2EB0-95FA-4A75-97FE-535F8A01D109}.Debug|x64.ActiveCfg = Debug|Any CPU
		{9F7C2EB0-95FA-4A75-97FE-535F8A01D109}.Debug|x64.Build.0 = Debug|Any CPU
		{9F7C2EB0-95FA-4A75-97FE-535F8A01D109}.Debug|x86.ActiveCfg = Debug|Any CPU
		{9F7C2EB0-95FA-4A75-97FE-535F8A01D109}.Debug|x86.Build.0 = Debug|Any CPU
		{9F7C2EB0-95FA-4A75-97FE-535F8A01D109}.Release|Any CPU.ActiveCfg = Release|Any CPU
		{9F7C2EB0-95FA-4A75-97FE-535F8A01D109}.Release|Any CPU.Build.0 = Release|Any CPU
		{9F7C2EB0-95FA-4A75-97FE-535F8A01D109}.Release|x64.ActiveCfg = Release|Any CPU
		{9F7C2EB0-95FA-4A75-97FE-535F8A01D109}.Release|x64.Build.0 = Release|Any CPU
		{9F7C2EB0-95FA-4A75-97FE-535F8A01D109}.Release|x86.ActiveCfg = Release|Any CPU
		{9F7C2EB0-95FA-4A75-97FE-535F8A01D109}.Release|x86.Build.0 = Release|Any CPU
	EndGlobalSection
	GlobalSection(NestedProjects) = preSolution
		{8636D6EE-A147-4C95-8ABA-58EC2DC67845} = {7BD8ABD6-A2D0-44D3-AF47-5B5CEAC69911}
		{D8BB7709-8F3D-4A8F-824B-64B36D5B1AC8} = {7BD8ABD6-A2D0-44D3-AF47-5B5CEAC69911}
		{1E8BFD28-7662-4DDB-B656-04FFFFD363BE} = {7BD8ABD6-A2D0-44D3-AF47-5B5CEAC69911}
		{9344694F-7C56-4D7A-B245-D7D70AF74F49} = {7BD8ABD6-A2D0-44D3-AF47-5B5CEAC69911}
		{9F7C2EB0-95FA-4A75-97FE-535F8A01D109} = {7BD8ABD6-A2D0-44D3-AF47-5B5CEAC69911}
	EndGlobalSection
EndGlobal
